// !$*UTF8*$!
{
	archiveVersion = 1;
	classes = {
	};
	objectVersion = 46;
	objects = {

/* Begin PBXBuildFile section */
		54B2F594190AE66029E1422C /* libPods-WeChatSDK.a in Frameworks */ = {isa = PBXBuildFile; fileRef = 732725C16F4FED0E0048FF63 /* libPods-WeChatSDK.a */; };
		B0A4BEC91AC16E3000650162 /* main.m in Sources */ = {isa = PBXBuildFile; fileRef = B0A4BEC81AC16E3000650162 /* main.m */; };
		B0A4BECC1AC16E3000650162 /* AppDelegate.m in Sources */ = {isa = PBXBuildFile; fileRef = B0A4BECB1AC16E3000650162 /* AppDelegate.m */; };
		B0A4BECF1AC16E3000650162 /* ViewController.m in Sources */ = {isa = PBXBuildFile; fileRef = B0A4BECE1AC16E3000650162 /* ViewController.m */; };
		B0A4BED21AC16E3000650162 /* Main.storyboard in Resources */ = {isa = PBXBuildFile; fileRef = B0A4BED01AC16E3000650162 /* Main.storyboard */; };
		B0A4BED41AC16E3000650162 /* Images.xcassets in Resources */ = {isa = PBXBuildFile; fileRef = B0A4BED31AC16E3000650162 /* Images.xcassets */; };
		B0A4BED71AC16E3000650162 /* LaunchScreen.xib in Resources */ = {isa = PBXBuildFile; fileRef = B0A4BED51AC16E3000650162 /* LaunchScreen.xib */; };
/* End PBXBuildFile section */

/* Begin PBXFileReference section */
		1AB0910DF9FD66A89478BD5D /* Pods-WeChatSDK.release.xcconfig */ = {isa = PBXFileReference; includeInIndex = 1; lastKnownFileType = text.xcconfig; name = "Pods-WeChatSDK.release.xcconfig"; path = "Pods/Target Support Files/Pods-WeChatSDK/Pods-WeChatSDK.release.xcconfig"; sourceTree = "<group>"; };
		732725C16F4FED0E0048FF63 /* libPods-WeChatSDK.a */ = {isa = PBXFileReference; explicitFileType = archive.ar; includeInIndex = 0; path = "libPods-WeChatSDK.a"; sourceTree = BUILT_PRODUCTS_DIR; };
		B09653441BF0EFC400F293F8 /* SSWeChatSDK.podspec */ = {isa = PBXFileReference; fileEncoding = 4; lastKnownFileType = text; path = SSWeChatSDK.podspec; sourceTree = "<group>"; };
		B09653461BF0EFCB00F293F8 /* README.md */ = {isa = PBXFileReference; fileEncoding = 4; lastKnownFileType = net.daringfireball.markdown; path = README.md; sourceTree = "<group>"; };
		B0A4BEC31AC16E3000650162 /* WeChatSDK.app */ = {isa = PBXFileReference; explicitFileType = wrapper.application; includeInIndex = 0; path = WeChatSDK.app; sourceTree = BUILT_PRODUCTS_DIR; };
		B0A4BEC71AC16E3000650162 /* Info.plist */ = {isa = PBXFileReference; lastKnownFileType = text.plist.xml; path = Info.plist; sourceTree = "<group>"; };
		B0A4BEC81AC16E3000650162 /* main.m */ = {isa = PBXFileReference; lastKnownFileType = sourcecode.c.objc; path = main.m; sourceTree = "<group>"; };
		B0A4BECA1AC16E3000650162 /* AppDelegate.h */ = {isa = PBXFileReference; lastKnownFileType = sourcecode.c.h; path = AppDelegate.h; sourceTree = "<group>"; };
		B0A4BECB1AC16E3000650162 /* AppDelegate.m */ = {isa = PBXFileReference; lastKnownFileType = sourcecode.c.objc; path = AppDelegate.m; sourceTree = "<group>"; };
		B0A4BECD1AC16E3000650162 /* ViewController.h */ = {isa = PBXFileReference; lastKnownFileType = sourcecode.c.h; path = ViewController.h; sourceTree = "<group>"; };
		B0A4BECE1AC16E3000650162 /* ViewController.m */ = {isa = PBXFileReference; lastKnownFileType = sourcecode.c.objc; path = ViewController.m; sourceTree = "<group>"; };
		B0A4BED11AC16E3000650162 /* Base */ = {isa = PBXFileReference; lastKnownFileType = file.storyboard; name = Base; path = Base.lproj/Main.storyboard; sourceTree = "<group>"; };
		B0A4BED31AC16E3000650162 /* Images.xcassets */ = {isa = PBXFileReference; lastKnownFileType = folder.assetcatalog; path = Images.xcassets; sourceTree = "<group>"; };
		B0A4BED61AC16E3000650162 /* Base */ = {isa = PBXFileReference; lastKnownFileType = file.xib; name = Base; path = Base.lproj/LaunchScreen.xib; sourceTree = "<group>"; };
		FB84037231F11ED23015FE1D /* Pods-WeChatSDK.debug.xcconfig */ = {isa = PBXFileReference; includeInIndex = 1; lastKnownFileType = text.xcconfig; name = "Pods-WeChatSDK.debug.xcconfig"; path = "Pods/Target Support Files/Pods-WeChatSDK/Pods-WeChatSDK.debug.xcconfig"; sourceTree = "<group>"; };
/* End PBXFileReference section */

/* Begin PBXFrameworksBuildPhase section */
		B0A4BEC01AC16E3000650162 /* Frameworks */ = {
			isa = PBXFrameworksBuildPhase;
			buildActionMask = 2147483647;
			files = (
				54B2F594190AE66029E1422C /* libPods-WeChatSDK.a in Frameworks */,
			);
			runOnlyForDeploymentPostprocessing = 0;
		};
/* End PBXFrameworksBuildPhase section */

/* Begin PBXGroup section */
		30BDC8491208A8E52B473FCE /* Pods */ = {
			isa = PBXGroup;
			children = (
				FB84037231F11ED23015FE1D /* Pods-WeChatSDK.debug.xcconfig */,
				1AB0910DF9FD66A89478BD5D /* Pods-WeChatSDK.release.xcconfig */,
			);
			name = Pods;
			sourceTree = "<group>";
		};
		81DCAB2FC4884405A3DE2B16 /* Frameworks */ = {
			isa = PBXGroup;
			children = (
				732725C16F4FED0E0048FF63 /* libPods-WeChatSDK.a */,
			);
			name = Frameworks;
			sourceTree = "<group>";
		};
		B0A4BEBA1AC16E2F00650162 = {
			isa = PBXGroup;
			children = (
				B09653441BF0EFC400F293F8 /* SSWeChatSDK.podspec */,
				B09653461BF0EFCB00F293F8 /* README.md */,
				B0A4BEC51AC16E3000650162 /* WeChatSDK */,
				B0A4BEC41AC16E3000650162 /* Products */,
				30BDC8491208A8E52B473FCE /* Pods */,
				81DCAB2FC4884405A3DE2B16 /* Frameworks */,
			);
			sourceTree = "<group>";
		};
		B0A4BEC41AC16E3000650162 /* Products */ = {
			isa = PBXGroup;
			children = (
				B0A4BEC31AC16E3000650162 /* WeChatSDK.app */,
			);
			name = Products;
			sourceTree = "<group>";
		};
		B0A4BEC51AC16E3000650162 /* WeChatSDK */ = {
			isa = PBXGroup;
			children = (
				B0A4BECA1AC16E3000650162 /* AppDelegate.h */,
				B0A4BECB1AC16E3000650162 /* AppDelegate.m */,
				B0A4BECD1AC16E3000650162 /* ViewController.h */,
				B0A4BECE1AC16E3000650162 /* ViewController.m */,
				B0A4BED01AC16E3000650162 /* Main.storyboard */,
				B0A4BED31AC16E3000650162 /* Images.xcassets */,
				B0A4BED51AC16E3000650162 /* LaunchScreen.xib */,
				B0A4BEC61AC16E3000650162 /* Supporting Files */,
			);
			path = WeChatSDK;
			sourceTree = "<group>";
		};
		B0A4BEC61AC16E3000650162 /* Supporting Files */ = {
			isa = PBXGroup;
			children = (
				B0A4BEC71AC16E3000650162 /* Info.plist */,
				B0A4BEC81AC16E3000650162 /* main.m */,
			);
			name = "Supporting Files";
			sourceTree = "<group>";
		};
/* End PBXGroup section */

/* Begin PBXNativeTarget section */
		B0A4BEC21AC16E3000650162 /* WeChatSDK */ = {
			isa = PBXNativeTarget;
			buildConfigurationList = B0A4BEE61AC16E3000650162 /* Build configuration list for PBXNativeTarget "WeChatSDK" */;
			buildPhases = (
				C7F994229E983AF61D6173C9 /* [CP] Check Pods Manifest.lock */,
				B0A4BEBF1AC16E3000650162 /* Sources */,
				B0A4BEC01AC16E3000650162 /* Frameworks */,
				B0A4BEC11AC16E3000650162 /* Resources */,
				D915B6241FE7FFC0FE3065B6 /* [CP] Embed Pods Frameworks */,
				7B87D893B206DC0CD7EA7607 /* [CP] Copy Pods Resources */,
			);
			buildRules = (
			);
			dependencies = (
			);
			name = WeChatSDK;
			productName = WeChatSDK;
			productReference = B0A4BEC31AC16E3000650162 /* WeChatSDK.app */;
			productType = "com.apple.product-type.application";
		};
/* End PBXNativeTarget section */

/* Begin PBXProject section */
		B0A4BEBB1AC16E3000650162 /* Project object */ = {
			isa = PBXProject;
			attributes = {
				LastUpgradeCheck = 0700;
				ORGANIZATIONNAME = Neva;
				TargetAttributes = {
					B0A4BEC21AC16E3000650162 = {
						CreatedOnToolsVersion = 6.2;
					};
				};
			};
			buildConfigurationList = B0A4BEBE1AC16E3000650162 /* Build configuration list for PBXProject "WeChatSDK" */;
			compatibilityVersion = "Xcode 3.2";
			developmentRegion = English;
			hasScannedForEncodings = 0;
			knownRegions = (
				en,
				Base,
			);
			mainGroup = B0A4BEBA1AC16E2F00650162;
			productRefGroup = B0A4BEC41AC16E3000650162 /* Products */;
			projectDirPath = "";
			projectRoot = "";
			targets = (
				B0A4BEC21AC16E3000650162 /* WeChatSDK */,
			);
		};
/* End PBXProject section */

/* Begin PBXResourcesBuildPhase section */
		B0A4BEC11AC16E3000650162 /* Resources */ = {
			isa = PBXResourcesBuildPhase;
			buildActionMask = 2147483647;
			files = (
				B0A4BED21AC16E3000650162 /* Main.storyboard in Resources */,
				B0A4BED71AC16E3000650162 /* LaunchScreen.xib in Resources */,
				B0A4BED41AC16E3000650162 /* Images.xcassets in Resources */,
			);
			runOnlyForDeploymentPostprocessing = 0;
		};
/* End PBXResourcesBuildPhase section */

/* Begin PBXShellScriptBuildPhase section */
		7B87D893B206DC0CD7EA7607 /* [CP] Copy Pods Resources */ = {
			isa = PBXShellScriptBuildPhase;
			buildActionMask = 2147483647;
			files = (
			);
			inputPaths = (
			);
			name = "[CP] Copy Pods Resources";
			outputPaths = (
			);
			runOnlyForDeploymentPostprocessing = 0;
			shellPath = /bin/sh;
			shellScript = "\"${SRCROOT}/Pods/Target Support Files/Pods-WeChatSDK/Pods-WeChatSDK-resources.sh\"\n";
			showEnvVarsInLog = 0;
		};
		C7F994229E983AF61D6173C9 /* [CP] Check Pods Manifest.lock */ = {
			isa = PBXShellScriptBuildPhase;
			buildActionMask = 2147483647;
			files = (
			);
			inputPaths = (
			);
			name = "[CP] Check Pods Manifest.lock";
			outputPaths = (
			);
			runOnlyForDeploymentPostprocessing = 0;
			shellPath = /bin/sh;
			shellScript = "diff \"${PODS_ROOT}/../Podfile.lock\" \"${PODS_ROOT}/Manifest.lock\" > /dev/null\nif [[ $? != 0 ]] ; then\n    cat << EOM\nerror: The sandbox is not in sync with the Podfile.lock. Run 'pod install' or update your CocoaPods installation.\nEOM\n    exit 1\nfi\n";
			showEnvVarsInLog = 0;
		};
		D915B6241FE7FFC0FE3065B6 /* [CP] Embed Pods Frameworks */ = {
			isa = PBXShellScriptBuildPhase;
			buildActionMask = 2147483647;
			files = (
			);
			inputPaths = (
			);
			name = "[CP] Embed Pods Frameworks";
			outputPaths = (
			);
			runOnlyForDeploymentPostprocessing = 0;
			shellPath = /bin/sh;
			shellScript = "\"${SRCROOT}/Pods/Target Support Files/Pods-WeChatSDK/Pods-WeChatSDK-frameworks.sh\"\n";
			showEnvVarsInLog = 0;
		};
/* End PBXShellScriptBuildPhase section */

/* Begin PBXSourcesBuildPhase section */
		B0A4BEBF1AC16E3000650162 /* Sources */ = {
			isa = PBXSourcesBuildPhase;
			buildActionMask = 2147483647;
			files = (
				B0A4BECF1AC16E3000650162 /* ViewController.m in Sources */,
				B0A4BECC1AC16E3000650162 /* AppDelegate.m in Sources */,
				B0A4BEC91AC16E3000650162 /* main.m in Sources */,
			);
			runOnlyForDeploymentPostprocessing = 0;
		};
/* End PBXSourcesBuildPhase section */

/* Begin PBXVariantGroup section */
		B0A4BED01AC16E3000650162 /* Main.storyboard */ = {
			isa = PBXVariantGroup;
			children = (
				B0A4BED11AC16E3000650162 /* Base */,
			);
			name = Main.storyboard;
			sourceTree = "<group>";
		};
		B0A4BED51AC16E3000650162 /* LaunchScreen.xib */ = {
			isa = PBXVariantGroup;
			children = (
				B0A4BED61AC16E3000650162 /* Base */,
			);
			name = LaunchScreen.xib;
			sourceTree = "<group>";
		};
/* End PBXVariantGroup section */

/* Begin XCBuildConfiguration section */
		B0A4BEE41AC16E3000650162 /* Debug */ = {
			isa = XCBuildConfiguration;
			buildSettings = {
				ALWAYS_SEARCH_USER_PATHS = NO;
				CLANG_CXX_LANGUAGE_STANDARD = "gnu++0x";
				CLANG_CXX_LIBRARY = "libc++";
				CLANG_ENABLE_MODULES = YES;
				CLANG_ENABLE_OBJC_ARC = YES;
				CLANG_WARN_BOOL_CONVERSION = YES;
				CLANG_WARN_CONSTANT_CONVERSION = YES;
				CLANG_WARN_DIRECT_OBJC_ISA_USAGE = YES_ERROR;
				CLANG_WARN_EMPTY_BODY = YES;
				CLANG_WARN_ENUM_CONVERSION = YES;
				CLANG_WARN_INT_CONVERSION = YES;
				CLANG_WARN_OBJC_ROOT_CLASS = YES_ERROR;
				CLANG_WARN_UNREACHABLE_CODE = YES;
				CLANG_WARN__DUPLICATE_METHOD_MATCH = YES;
				"CODE_SIGN_IDENTITY[sdk=iphoneos*]" = "iPhone Developer";
				COPY_PHASE_STRIP = NO;
				ENABLE_STRICT_OBJC_MSGSEND = YES;
				ENABLE_TESTABILITY = YES;
				GCC_C_LANGUAGE_STANDARD = gnu99;
				GCC_DYNAMIC_NO_PIC = NO;
				GCC_OPTIMIZATION_LEVEL = 0;
				GCC_PREPROCESSOR_DEFINITIONS = (
					"DEBUG=1",
					"$(inherited)",
				);
				GCC_SYMBOLS_PRIVATE_EXTERN = NO;
				GCC_WARN_64_TO_32_BIT_CONVERSION = YES;
				GCC_WARN_ABOUT_RETURN_TYPE = YES_ERROR;
				GCC_WARN_UNDECLARED_SELECTOR = YES;
				GCC_WARN_UNINITIALIZED_AUTOS = YES_AGGRESSIVE;
				GCC_WARN_UNUSED_FUNCTION = YES;
				GCC_WARN_UNUSED_VARIABLE = YES;
				IPHONEOS_DEPLOYMENT_TARGET = 8.2;
				MTL_ENABLE_DEBUG_INFO = YES;
				ONLY_ACTIVE_ARCH = YES;
				SDKROOT = iphoneos;
			};
			name = Debug;
		};
		B0A4BEE51AC16E3000650162 /* Release */ = {
			isa = XCBuildConfiguration;
			buildSettings = {
				ALWAYS_SEARCH_USER_PATHS = NO;
				CLANG_CXX_LANGUAGE_STANDARD = "gnu++0x";
				CLANG_CXX_LIBRARY = "libc++";
				CLANG_ENABLE_MODULES = YES;
				CLANG_ENABLE_OBJC_ARC = YES;
				CLANG_WARN_BOOL_CONVERSION = YES;
				CLANG_WARN_CONSTANT_CONVERSION = YES;
				CLANG_WARN_DIRECT_OBJC_ISA_USAGE = YES_ERROR;
				CLANG_WARN_EMPTY_BODY = YES;
				CLANG_WARN_ENUM_CONVERSION = YES;
				CLANG_WARN_INT_CONVERSION = YES;
				CLANG_WARN_OBJC_ROOT_CLASS = YES_ERROR;
				CLANG_WARN_UNREACHABLE_CODE = YES;
				CLANG_WARN__DUPLICATE_METHOD_MATCH = YES;
				"CODE_SIGN_IDENTITY[sdk=iphoneos*]" = "iPhone Developer";
				COPY_PHASE_STRIP = NO;
				ENABLE_NS_ASSERTIONS = NO;
				ENABLE_STRICT_OBJC_MSGSEND = YES;
				GCC_C_LANGUAGE_STANDARD = gnu99;
				GCC_WARN_64_TO_32_BIT_CONVERSION = YES;
				GCC_WARN_ABOUT_RETURN_TYPE = YES_ERROR;
				GCC_WARN_UNDECLARED_SELECTOR = YES;
				GCC_WARN_UNINITIALIZED_AUTOS = YES_AGGRESSIVE;
				GCC_WARN_UNUSED_FUNCTION = YES;
				GCC_WARN_UNUSED_VARIABLE = YES;
				IPHONEOS_DEPLOYMENT_TARGET = 8.2;
				MTL_ENABLE_DEBUG_INFO = NO;
				SDKROOT = iphoneos;
				VALIDATE_PRODUCT = YES;
			};
			name = Release;
		};
		B0A4BEE71AC16E3000650162 /* Debug */ = {
			isa = XCBuildConfiguration;
			baseConfigurationReference = FB84037231F11ED23015FE1D /* Pods-WeChatSDK.debug.xcconfig */;
			buildSettings = {
				ASSETCATALOG_COMPILER_APPICON_NAME = AppIcon;
				ENABLE_BITCODE = NO;
				INFOPLIST_FILE = WeChatSDK/Info.plist;
				IPHONEOS_DEPLOYMENT_TARGET = 7.0;
				LD_RUNPATH_SEARCH_PATHS = "$(inherited) @executable_path/Frameworks";
				PRODUCT_BUNDLE_IDENTIFIER = "com.neva.$(PRODUCT_NAME:rfc1034identifier)";
				PRODUCT_NAME = "$(TARGET_NAME)";
			};
			name = Debug;
		};
		B0A4BEE81AC16E3000650162 /* Release */ = {
			isa = XCBuildConfiguration;
			baseConfigurationReference = 1AB0910DF9FD66A89478BD5D /* Pods-WeChatSDK.release.xcconfig */;
			buildSettings = {
				ASSETCATALOG_COMPILER_APPICON_NAME = AppIcon;
				ENABLE_BITCODE = NO;
				INFOPLIST_FILE = WeChatSDK/Info.plist;
				IPHONEOS_DEPLOYMENT_TARGET = 7.0;
				LD_RUNPATH_SEARCH_PATHS = "$(inherited) @executable_path/Frameworks";
				PRODUCT_BUNDLE_IDENTIFIER = "com.neva.$(PRODUCT_NAME:rfc1034identifier)";
				PRODUCT_NAME = "$(TARGET_NAME)";
			};
			name = Release;
		};
/* End XCBuildConfiguration section */

/* Begin XCConfigurationList section */
		B0A4BEBE1AC16E3000650162 /* Build configuration list for PBXProject "WeChatSDK" */ = {
			isa = XCConfigurationList;
			buildConfigurations = (
				B0A4BEE41AC16E3000650162 /* Debug */,
				B0A4BEE51AC16E3000650162 /* Release */,
			);
			defaultConfigurationIsVisible = 0;
			defaultConfigurationName = Release;
		};
		B0A4BEE61AC16E3000650162 /* Build configuration list for PBXNativeTarget "WeChatSDK" */ = {
			isa = XCConfigurationList;
			buildConfigurations = (
				B0A4BEE71AC16E3000650162 /* Debug */,
				B0A4BEE81AC16E3000650162 /* Release */,
			);
			defaultConfigurationIsVisible = 0;
			defaultConfigurationName = Release;
		};
/* End XCConfigurationList section */
	};
	rootObject = B0A4BEBB1AC16E3000650162 /* Project object */;
}
