PODS:
  - SSWeChatSDK (1.7.3)

DEPENDENCIES:
  - SSWeChatSDK (from `SSWeChatSDK.podspec`)

EXTERNAL SOURCES:
  SSWeChatSDK:
    :podspec: SSWeChatSDK.podspec

SPEC CHECKSUMS:
  SSWeChatSDK: b78601e896fcf41d1f610b9db6c74552a5d37372

PODFILE CHECKSUM: 5f477f598cb4252087805e72d58e0b6f5e21fd41

COCOAPODS: 1.0.1
